
Microsoft Visual Studio Solution File, Format Version 12.00
# Visual Studio 2012
Project("{FAE04EC0-301F-11D3-BF4B-00C04F79EFBC}") = "InklewriterSharp", "InklewriterSharp\InklewriterSharp.csproj", "{98CDC893-7F79-47C5-B609-A8FB40F73924}"
EndProject
Project("{FAE04EC0-301F-11D3-BF4B-00C04F79EFBC}") = "InklewriterSharp.Examples", "InklewriterSharp.Examples\InklewriterSharp.Examples.csproj", "{3064FF6F-B820-4E3E-B657-CFF109E9A0A3}"
EndProject
Project("{FAE04EC0-301F-11D3-BF4B-00C04F79EFBC}") = "InklewriterSharp.Tests", "InklewriterSharp.Tests\InklewriterSharp.Tests.csproj", "{7AEFD4DF-AB2E-4188-B1FF-DE7CEC9C52BD}"
EndProject
Global
	GlobalSection(SolutionConfigurationPlatforms) = preSolution
		Debug|Any CPU = Debug|Any CPU
		Release|Any CPU = Release|Any CPU
	EndGlobalSection
	GlobalSection(ProjectConfigurationPlatforms) = postSolution
		{3064FF6F-B820-4E3E-B657-CFF109E9A0A3}.Debug|Any CPU.ActiveCfg = Debug|Any CPU
		{3064FF6F-B820-4E3E-B657-CFF109E9A0A3}.Debug|Any CPU.Build.0 = Debug|Any CPU
		{3064FF6F-B820-4E3E-B657-CFF109E9A0A3}.Release|Any CPU.ActiveCfg = Release|Any CPU
		{3064FF6F-B820-4E3E-B657-CFF109E9A0A3}.Release|Any CPU.Build.0 = Release|Any CPU
		{7AEFD4DF-AB2E-4188-B1FF-DE7CEC9C52BD}.Debug|Any CPU.ActiveCfg = Debug|Any CPU
		{7AEFD4DF-AB2E-4188-B1FF-DE7CEC9C52BD}.Debug|Any CPU.Build.0 = Debug|Any CPU
		{7AEFD4DF-AB2E-4188-B1FF-DE7CEC9C52BD}.Release|Any CPU.ActiveCfg = Release|Any CPU
		{7AEFD4DF-AB2E-4188-B1FF-DE7CEC9C52BD}.Release|Any CPU.Build.0 = Release|Any CPU
		{98CDC893-7F79-47C5-B609-A8FB40F73924}.Debug|Any CPU.ActiveCfg = Debug|Any CPU
		{98CDC893-7F79-47C5-B609-A8FB40F73924}.Debug|Any CPU.Build.0 = Debug|Any CPU
		{98CDC893-7F79-47C5-B609-A8FB40F73924}.Release|Any CPU.ActiveCfg = Release|Any CPU
		{98CDC893-7F79-47C5-B609-A8FB40F73924}.Release|Any CPU.Build.0 = Release|Any CPU
	EndGlobalSection
	GlobalSection(MonoDevelopProperties) = preSolution
		Policies = $0
		$0.DotNetNamingPolicy = $1
		$1.DirectoryNamespaceAssociation = None
		$1.ResourceNamePolicy = FileFormatDefault
	EndGlobalSection
EndGlobal
